// !$*UTF8*$!
{
	archiveVersion = 1;
	classes = {
	};
	objectVersion = 56;
	objects = {

/* Begin PBXBuildFile section */
		D84F6791F666629B93B14611 /* AppDelegate.swift in Sources */ = {isa = PBXBuildFile; fileRef = C11C1024D868AA002297C6DA /* AppDelegate.swift */; };
		D2D1F5F19DF94BA24E018D4B /* WebViewController.swift in Sources */ = {isa = PBXBuildFile; fileRef = 126B0C29808AB876EEAC381A /* WebViewController.swift */; };
		80738BF9D939B0B2E3FB6E0A /* RestTimerManager.swift in Sources */ = {isa = PBXBuildFile; fileRef = 2139928B18D1765B533DB1BD /* RestTimerManager.swift */; };
		16CC0B36BC0D5BAD8F71CF9B /* Config.swift in Sources */ = {isa = PBXBuildFile; fileRef = 20E1BCD3BE49B0C546EA01FF /* Config.swift */; };
		D0DF461FE20F63D6F0FE73F0 /* Assets.xcassets in Resources */ = {isa = PBXBuildFile; fileRef = 81CB777800300EA6818B3C7D /* Assets.xcassets */; };
		A6CF9BB3D9A76FA18F9670A9 /* LaunchScreen.storyboard in Resources */ = {isa = PBXBuildFile; fileRef = 6C798C66F94DEA0753D2AF53 /* LaunchScreen.storyboard */; };
/* End PBXBuildFile section */

/* Begin PBXFileReference section */
		38A007151ABE87CC01A5B6E9 /* FitLog.app */ = {isa = PBXFileReference; explicitFileType = wrapper.application; includeInIndex = 0; path = FitLog.app; sourceTree = BUILT_PRODUCTS_DIR; };
		C11C1024D868AA002297C6DA /* AppDelegate.swift */ = {isa = PBXFileReference; lastKnownFileType = sourcecode.swift; path = AppDelegate.swift; sourceTree = "<group>"; };
		126B0C29808AB876EEAC381A /* WebViewController.swift */ = {isa = PBXFileReference; lastKnownFileType = sourcecode.swift; path = WebViewController.swift; sourceTree = "<group>"; };
		2139928B18D1765B533DB1BD /* RestTimerManager.swift */ = {isa = PBXFileReference; lastKnownFileType = sourcecode.swift; path = RestTimerManager.swift; sourceTree = "<group>"; };
		20E1BCD3BE49B0C546EA01FF /* Config.swift */ = {isa = PBXFileReference; lastKnownFileType = sourcecode.swift; path = Config.swift; sourceTree = "<group>"; };
		81CB777800300EA6818B3C7D /* Assets.xcassets */ = {isa = PBXFileReference; lastKnownFileType = folder.assetcatalog; path = Assets.xcassets; sourceTree = "<group>"; };
		6C798C66F94DEA0753D2AF53 /* LaunchScreen.storyboard */ = {isa = PBXFileReference; lastKnownFileType = file.storyboard; path = LaunchScreen.storyboard; sourceTree = "<group>"; };
		B9B2842EEB269E2237EA8660 /* Info.plist */ = {isa = PBXFileReference; lastKnownFileType = text.plist.xml; path = Info.plist; sourceTree = "<group>"; };
/* End PBXFileReference section */

/* Begin PBXFrameworksBuildPhase section */
		B365BE9502C3128F5D540532 /* Frameworks */ = {
			isa = PBXFrameworksBuildPhase;
			buildActionMask = 2147483647;
			files = (
			);
			runOnlyForDeploymentPostprocessing = 0;
		};
/* End PBXFrameworksBuildPhase section */

/* Begin PBXGroup section */
		E2258AA71B17E0A3529C6C95 = {
			isa = PBXGroup;
			children = (
				2897631064A91062FF1EAD3C /* FitLog */,
				31A5E41A9BD04E385DB196E5 /* Products */,
			);
			sourceTree = "<group>";
		};
		2897631064A91062FF1EAD3C /* FitLog */ = {
			isa = PBXGroup;
			children = (
				C11C1024D868AA002297C6DA /* AppDelegate.swift */,
				126B0C29808AB876EEAC381A /* WebViewController.swift */,
				2139928B18D1765B533DB1BD /* RestTimerManager.swift */,
				20E1BCD3BE49B0C546EA01FF /* Config.swift */,
				81CB777800300EA6818B3C7D /* Assets.xcassets */,
				553B62FD442EB6804EEDC025 /* Base.lproj */,
				B9B2842EEB269E2237EA8660 /* Info.plist */,
			);
			path = FitLog;
			sourceTree = "<group>";
		};
		553B62FD442EB6804EEDC025 /* Base.lproj */ = {
			isa = PBXGroup;
			children = (
				6C798C66F94DEA0753D2AF53 /* LaunchScreen.storyboard */,
			);
			path = Base.lproj;
			sourceTree = "<group>";
		};
		31A5E41A9BD04E385DB196E5 /* Products */ = {
			isa = PBXGroup;
			children = (
				38A007151ABE87CC01A5B6E9 /* FitLog.app */,
			);
			name = Products;
			sourceTree = "<group>";
		};
/* End PBXGroup section */

/* Begin PBXNativeTarget section */
		0E8A3AD980EC179856012B7E /* FitLog */ = {
			isa = PBXNativeTarget;
			buildConfigurationList = 09185177824D0012F345AF29 /* Build configuration list for PBXNativeTarget "FitLog" */;
			buildPhases = (
				E9AC67C993D2511BDAD48561 /* Sources */,
				B365BE9502C3128F5D540532 /* Frameworks */,
				483A0E0C9C74F0CBD6A612E6 /* Resources */,
			);
			buildRules = (
			);
			dependencies = (
			);
			name = FitLog;
			productName = FitLog;
			productReference = 38A007151ABE87CC01A5B6E9 /* FitLog.app */;
			productType = "com.apple.product-type.application";
		};
/* End PBXNativeTarget section */

/* Begin PBXProject section */
		98F54143AB4E86B28C3AFEE0 /* Project object */ = {
			isa = PBXProject;
			attributes = {
				BuildIndependentTargetsInParallel = 1;
				LastSwiftUpdateCheck = 1520;
				LastUpgradeCheck = 1520;
				TargetAttributes = {
					0E8A3AD980EC179856012B7E = {
						CreatedOnToolsVersion = 15.2;
					};
				};
			};
			buildConfigurationList = F086F31674BEA44957E3CCA5 /* Build configuration list for PBXProject "FitLog" */;
			compatibilityVersion = "Xcode 14.0";
			developmentRegion = ko;
			hasScannedForEncodings = 0;
			knownRegions = (
				ko,
				en,
				Base,
			);
			mainGroup = E2258AA71B17E0A3529C6C95;
			productRefGroup = 31A5E41A9BD04E385DB196E5 /* Products */;
			projectDirPath = "";
			projectRoot = "";
			targets = (
				0E8A3AD980EC179856012B7E /* FitLog */,
			);
		};
/* End PBXProject section */

/* Begin PBXResourcesBuildPhase section */
		483A0E0C9C74F0CBD6A612E6 /* Resources */ = {
			isa = PBXResourcesBuildPhase;
			buildActionMask = 2147483647;
			files = (
				D0DF461FE20F63D6F0FE73F0 /* Assets.xcassets in Resources */,
				A6CF9BB3D9A76FA18F9670A9 /* LaunchScreen.storyboard in Resources */,
			);
			runOnlyForDeploymentPostprocessing = 0;
		};
/* End PBXResourcesBuildPhase section */

/* Begin PBXSourcesBuildPhase section */
		E9AC67C993D2511BDAD48561 /* Sources */ = {
			isa = PBXSourcesBuildPhase;
			buildActionMask = 2147483647;
			files = (
				D84F6791F666629B93B14611 /* AppDelegate.swift in Sources */,
				D2D1F5F19DF94BA24E018D4B /* WebViewController.swift in Sources */,
				80738BF9D939B0B2E3FB6E0A /* RestTimerManager.swift in Sources */,
				16CC0B36BC0D5BAD8F71CF9B /* Config.swift in Sources */,
			);
			runOnlyForDeploymentPostprocessing = 0;
		};
/* End PBXSourcesBuildPhase section */

/* Begin XCBuildConfiguration section */
		282F8BED7AC8E61EF9F4311F /* Debug */ = {
			isa = XCBuildConfiguration;
			buildSettings = {
				ALWAYS_SEARCH_USER_PATHS = NO;
				ASSETCATALOG_COMPILER_GENERATE_SWIFT_ASSET_SYMBOL_EXTENSIONS = YES;
				CLANG_ANALYZER_NONNULL = YES;
				CLANG_ENABLE_MODULES = YES;
				CLANG_ENABLE_OBJC_ARC = YES;
				CLANG_WARN_BOOL_CONVERSION = YES;
				CLANG_WARN_DOCUMENTATION_COMMENTS = YES;
				CLANG_WARN_UNREACHABLE_CODE = YES;
				COPY_PHASE_STRIP = NO;
				ENABLE_STRICT_OBJC_MSGSEND = YES;
				ENABLE_USER_SCRIPT_SANDBOXING = YES;
				GCC_C_LANGUAGE_STANDARD = gnu17;
				GCC_NO_COMMON_BLOCKS = YES;
				GCC_WARN_UNINITIALIZED_AUTOS = YES;
				GCC_WARN_UNUSED_VARIABLE = YES;
				IPHONEOS_DEPLOYMENT_TARGET = 15.0;
				LOCALIZATION_PREFERS_STRING_CATALOGS = YES;
				MTL_FAST_MATH = YES;
				SDKROOT = iphoneos;
				SWIFT_EMIT_LOC_STRINGS = YES;
				DEBUG_INFORMATION_FORMAT = dwarf;
				ENABLE_TESTABILITY = YES;
				GCC_DYNAMIC_NO_PIC = NO;
				GCC_OPTIMIZATION_LEVEL = 0;
				GCC_PREPROCESSOR_DEFINITIONS = (
					"DEBUG=1",
					"$(inherited)",
				);
				MTL_ENABLE_DEBUG_INFO = INCLUDE_SOURCE;
				ONLY_ACTIVE_ARCH = YES;
				SWIFT_ACTIVE_COMPILATION_CONDITIONS = "DEBUG $(inherited)";
				SWIFT_OPTIMIZATION_LEVEL = "-Onone";
			};
			name = Debug;
		};
		BAA844323E141A79DF10B0D7 /* Release */ = {
			isa = XCBuildConfiguration;
			buildSettings = {
				ALWAYS_SEARCH_USER_PATHS = NO;
				ASSETCATALOG_COMPILER_GENERATE_SWIFT_ASSET_SYMBOL_EXTENSIONS = YES;
				CLANG_ANALYZER_NONNULL = YES;
				CLANG_ENABLE_MODULES = YES;
				CLANG_ENABLE_OBJC_ARC = YES;
				CLANG_WARN_BOOL_CONVERSION = YES;
				CLANG_WARN_DOCUMENTATION_COMMENTS = YES;
				CLANG_WARN_UNREACHABLE_CODE = YES;
				COPY_PHASE_STRIP = NO;
				ENABLE_STRICT_OBJC_MSGSEND = YES;
				ENABLE_USER_SCRIPT_SANDBOXING = YES;
				GCC_C_LANGUAGE_STANDARD = gnu17;
				GCC_NO_COMMON_BLOCKS = YES;
				GCC_WARN_UNINITIALIZED_AUTOS = YES;
				GCC_WARN_UNUSED_VARIABLE = YES;
				IPHONEOS_DEPLOYMENT_TARGET = 15.0;
				LOCALIZATION_PREFERS_STRING_CATALOGS = YES;
				MTL_FAST_MATH = YES;
				SDKROOT = iphoneos;
				SWIFT_EMIT_LOC_STRINGS = YES;
				DEBUG_INFORMATION_FORMAT = "dwarf-with-dsym";
				ENABLE_NS_ASSERTIONS = NO;
				MTL_ENABLE_DEBUG_INFO = NO;
				SWIFT_COMPILATION_MODE = wholemodule;
				VALIDATE_PRODUCT = YES;
			};
			name = Release;
		};
		2381CE2D4AF8729870E1984E /* Debug */ = {
			isa = XCBuildConfiguration;
			buildSettings = {
				ASSETCATALOG_COMPILER_APPICON_NAME = AppIcon;
				ASSETCATALOG_COMPILER_GLOBAL_ACCENT_COLOR_NAME = AccentColor;
				CODE_SIGN_STYLE = Automatic;
				CURRENT_PROJECT_VERSION = 1;
				DEVELOPMENT_TEAM = "";
				ENABLE_PREVIEWS = YES;
				GENERATE_INFOPLIST_FILE = NO;
				INFOPLIST_FILE = FitLog/Info.plist;
				LD_RUNPATH_SEARCH_PATHS = (
					"$(inherited)",
					"@executable_path/Frameworks",
				);
				MARKETING_VERSION = 1.0.0;
				PRODUCT_BUNDLE_IDENTIFIER = com.fitlog.app;
				PRODUCT_NAME = "$(TARGET_NAME)";
				SWIFT_EMIT_LOC_STRINGS = YES;
				SWIFT_VERSION = 5.0;
				TARGETED_DEVICE_FAMILY = 1;
			};
			name = Debug;
		};
		AB7D16C820D649D1E1709822 /* Release */ = {
			isa = XCBuildConfiguration;
			buildSettings = {
				ASSETCATALOG_COMPILER_APPICON_NAME = AppIcon;
				ASSETCATALOG_COMPILER_GLOBAL_ACCENT_COLOR_NAME = AccentColor;
				CODE_SIGN_STYLE = Automatic;
				CURRENT_PROJECT_VERSION = 1;
				DEVELOPMENT_TEAM = "";
				ENABLE_PREVIEWS = YES;
				GENERATE_INFOPLIST_FILE = NO;
				INFOPLIST_FILE = FitLog/Info.plist;
				LD_RUNPATH_SEARCH_PATHS = (
					"$(inherited)",
					"@executable_path/Frameworks",
				);
				MARKETING_VERSION = 1.0.0;
				PRODUCT_BUNDLE_IDENTIFIER = com.fitlog.app;
				PRODUCT_NAME = "$(TARGET_NAME)";
				SWIFT_EMIT_LOC_STRINGS = YES;
				SWIFT_VERSION = 5.0;
				TARGETED_DEVICE_FAMILY = 1;
			};
			name = Release;
		};
/* End XCBuildConfiguration section */

/* Begin XCConfigurationList section */
		F086F31674BEA44957E3CCA5 /* Build configuration list for PBXProject "FitLog" */ = {
			isa = XCConfigurationList;
			buildConfigurations = (
				282F8BED7AC8E61EF9F4311F /* Debug */,
				BAA844323E141A79DF10B0D7 /* Release */,
			);
			defaultConfigurationIsVisible = 0;
			defaultConfigurationName = Release;
		};
		09185177824D0012F345AF29 /* Build configuration list for PBXNativeTarget "FitLog" */ = {
			isa = XCConfigurationList;
			buildConfigurations = (
				2381CE2D4AF8729870E1984E /* Debug */,
				AB7D16C820D649D1E1709822 /* Release */,
			);
			defaultConfigurationIsVisible = 0;
			defaultConfigurationName = Release;
		};
/* End XCConfigurationList section */
	};
	rootObject = 98F54143AB4E86B28C3AFEE0 /* Project object */;
}
